
Microsoft Visual Studio Solution File, Format Version 12.00
# Visual Studio Version 16
VisualStudioVersion = 16.0.30907.101
MinimumVisualStudioVersion = 10.0.40219.1
Project("{9A19103F-16F7-4668-BE54-9A1E7A4F7556}") = "BowlingGame", "BowlingGame\BowlingGame.csproj", "{77343BAC-798A-4DF3-971B-D511D63158B3}"
EndProject
Project("{2150E333-8FDC-42A3-9474-1A3956D46DE8}") = "BusinessEntities", "BusinessEntities", "{008AF610-2AD7-4B31-8299-6697910FC03D}"
EndProject
Project("{2150E333-8FDC-42A3-9474-1A3956D46DE8}") = "BusinessLogic", "BusinessLogic", "{9E96D111-CD04-4970-9012-3FDF6F01B8F0}"
EndProject
Project("{2150E333-8FDC-42A3-9474-1A3956D46DE8}") = "DataAccess", "DataAccess", "{DBAF05C8-2A1F-4D22-93CE-358162B85CB4}"
EndProject
Project("{2150E333-8FDC-42A3-9474-1A3956D46DE8}") = "Infraestructure", "Infraestructure", "{040F308D-C258-4C32-B266-424D703B2D24}"
EndProject
Project("{9A19103F-16F7-4668-BE54-9A1E7A4F7556}") = "BowlingGame.BE", "BowlingGame.BE\BowlingGame.BE.csproj", "{49662F81-06A4-42C5-9B26-88E2E0E6578E}"
EndProject
Project("{9A19103F-16F7-4668-BE54-9A1E7A4F7556}") = "BowlingGame.DTO", "BowlingGame.DTO\BowlingGame.DTO.csproj", "{0F9CA138-A924-4CFE-97A1-AC197E67CE61}"
EndProject
Project("{9A19103F-16F7-4668-BE54-9A1E7A4F7556}") = "BowlingGame.BL", "BowlingGame.BL\BowlingGame.BL.csproj", "{44265103-D63E-4FE3-99C9-C92A1A5855B6}"
EndProject
Project("{2150E333-8FDC-42A3-9474-1A3956D46DE8}") = "Tests", "Tests", "{37AC2D3B-F313-4F17-AC44-4B4D1197A884}"
EndProject
Project("{9A19103F-16F7-4668-BE54-9A1E7A4F7556}") = "BowlingGame.DA", "BowlingGame.DA\BowlingGame.DA.csproj", "{ECA0D490-1AA2-41F7-AD53-8723202F0218}"
EndProject
Project("{2150E333-8FDC-42A3-9474-1A3956D46DE8}") = "Tests", "Tests", "{49883356-9CC8-452D-9894-B352708877FE}"
EndProject
Project("{9A19103F-16F7-4668-BE54-9A1E7A4F7556}") = "BowlingGame.DA.MongoDB", "BowlingGame.DA.MongoDB\BowlingGame.DA.MongoDB.csproj", "{89009AAE-119C-428E-9D39-DB11AB7466DB}"
EndProject
Project("{9A19103F-16F7-4668-BE54-9A1E7A4F7556}") = "BowlingGame.DA.Interfaces", "BowlingGame.DA.Interfaces\BowlingGame.DA.Interfaces.csproj", "{59A1EE45-73B0-4194-981B-FDF5E3D9F817}"
EndProject
Project("{9A19103F-16F7-4668-BE54-9A1E7A4F7556}") = "BowlingGame.BE.Interfaces", "BowlingGame.BE.Interfaces\BowlingGame.BE.Interfaces.csproj", "{34E6432B-165B-4611-87C9-947631FC04F3}"
EndProject
Global
	GlobalSection(SolutionConfigurationPlatforms) = preSolution
		Debug|Any CPU = Debug|Any CPU
		Release|Any CPU = Release|Any CPU
	EndGlobalSection
	GlobalSection(ProjectConfigurationPlatforms) = postSolution
		{77343BAC-798A-4DF3-971B-D511D63158B3}.Debug|Any CPU.ActiveCfg = Debug|Any CPU
		{77343BAC-798A-4DF3-971B-D511D63158B3}.Debug|Any CPU.Build.0 = Debug|Any CPU
		{77343BAC-798A-4DF3-971B-D511D63158B3}.Release|Any CPU.ActiveCfg = Release|Any CPU
		{77343BAC-798A-4DF3-971B-D511D63158B3}.Release|Any CPU.Build.0 = Release|Any CPU
		{49662F81-06A4-42C5-9B26-88E2E0E6578E}.Debug|Any CPU.ActiveCfg = Debug|Any CPU
		{49662F81-06A4-42C5-9B26-88E2E0E6578E}.Debug|Any CPU.Build.0 = Debug|Any CPU
		{49662F81-06A4-42C5-9B26-88E2E0E6578E}.Release|Any CPU.ActiveCfg = Release|Any CPU
		{49662F81-06A4-42C5-9B26-88E2E0E6578E}.Release|Any CPU.Build.0 = Release|Any CPU
		{0F9CA138-A924-4CFE-97A1-AC197E67CE61}.Debug|Any CPU.ActiveCfg = Debug|Any CPU
		{0F9CA138-A924-4CFE-97A1-AC197E67CE61}.Debug|Any CPU.Build.0 = Debug|Any CPU
		{0F9CA138-A924-4CFE-97A1-AC197E67CE61}.Release|Any CPU.ActiveCfg = Release|Any CPU
		{0F9CA138-A924-4CFE-97A1-AC197E67CE61}.Release|Any CPU.Build.0 = Release|Any CPU
		{44265103-D63E-4FE3-99C9-C92A1A5855B6}.Debug|Any CPU.ActiveCfg = Debug|Any CPU
		{44265103-D63E-4FE3-99C9-C92A1A5855B6}.Debug|Any CPU.Build.0 = Debug|Any CPU
		{44265103-D63E-4FE3-99C9-C92A1A5855B6}.Release|Any CPU.ActiveCfg = Release|Any CPU
		{44265103-D63E-4FE3-99C9-C92A1A5855B6}.Release|Any CPU.Build.0 = Release|Any CPU
		{ECA0D490-1AA2-41F7-AD53-8723202F0218}.Debug|Any CPU.ActiveCfg = Debug|Any CPU
		{ECA0D490-1AA2-41F7-AD53-8723202F0218}.Debug|Any CPU.Build.0 = Debug|Any CPU
		{ECA0D490-1AA2-41F7-AD53-8723202F0218}.Release|Any CPU.ActiveCfg = Release|Any CPU
		{ECA0D490-1AA2-41F7-AD53-8723202F0218}.Release|Any CPU.Build.0 = Release|Any CPU
		{89009AAE-119C-428E-9D39-DB11AB7466DB}.Debug|Any CPU.ActiveCfg = Debug|Any CPU
		{89009AAE-119C-428E-9D39-DB11AB7466DB}.Debug|Any CPU.Build.0 = Debug|Any CPU
		{89009AAE-119C-428E-9D39-DB11AB7466DB}.Release|Any CPU.ActiveCfg = Release|Any CPU
		{89009AAE-119C-428E-9D39-DB11AB7466DB}.Release|Any CPU.Build.0 = Release|Any CPU
		{59A1EE45-73B0-4194-981B-FDF5E3D9F817}.Debug|Any CPU.ActiveCfg = Debug|Any CPU
		{59A1EE45-73B0-4194-981B-FDF5E3D9F817}.Debug|Any CPU.Build.0 = Debug|Any CPU
		{59A1EE45-73B0-4194-981B-FDF5E3D9F817}.Release|Any CPU.ActiveCfg = Release|Any CPU
		{59A1EE45-73B0-4194-981B-FDF5E3D9F817}.Release|Any CPU.Build.0 = Release|Any CPU
		{34E6432B-165B-4611-87C9-947631FC04F3}.Debug|Any CPU.ActiveCfg = Debug|Any CPU
		{34E6432B-165B-4611-87C9-947631FC04F3}.Debug|Any CPU.Build.0 = Debug|Any CPU
		{34E6432B-165B-4611-87C9-947631FC04F3}.Release|Any CPU.ActiveCfg = Release|Any CPU
		{34E6432B-165B-4611-87C9-947631FC04F3}.Release|Any CPU.Build.0 = Release|Any CPU
	EndGlobalSection
	GlobalSection(SolutionProperties) = preSolution
		HideSolutionNode = FALSE
	EndGlobalSection
	GlobalSection(NestedProjects) = preSolution
		{49662F81-06A4-42C5-9B26-88E2E0E6578E} = {008AF610-2AD7-4B31-8299-6697910FC03D}
		{0F9CA138-A924-4CFE-97A1-AC197E67CE61} = {008AF610-2AD7-4B31-8299-6697910FC03D}
		{44265103-D63E-4FE3-99C9-C92A1A5855B6} = {9E96D111-CD04-4970-9012-3FDF6F01B8F0}
		{37AC2D3B-F313-4F17-AC44-4B4D1197A884} = {9E96D111-CD04-4970-9012-3FDF6F01B8F0}
		{ECA0D490-1AA2-41F7-AD53-8723202F0218} = {DBAF05C8-2A1F-4D22-93CE-358162B85CB4}
		{49883356-9CC8-452D-9894-B352708877FE} = {DBAF05C8-2A1F-4D22-93CE-358162B85CB4}
		{89009AAE-119C-428E-9D39-DB11AB7466DB} = {DBAF05C8-2A1F-4D22-93CE-358162B85CB4}
		{59A1EE45-73B0-4194-981B-FDF5E3D9F817} = {DBAF05C8-2A1F-4D22-93CE-358162B85CB4}
		{34E6432B-165B-4611-87C9-947631FC04F3} = {008AF610-2AD7-4B31-8299-6697910FC03D}
	EndGlobalSection
	GlobalSection(ExtensibilityGlobals) = postSolution
		SolutionGuid = {996B7D1E-D2ED-4BF3-A0F7-F2CECC698A97}
	EndGlobalSection
EndGlobal
